
Microsoft Visual Studio Solution File, Format Version 12.00
# Visual Studio Version 17
VisualStudioVersion = 17.14.36109.1 d17.14
MinimumVisualStudioVersion = 10.0.40219.1
Project("{FAE04EC0-301F-11D3-BF4B-00C04F79EFBC}") = "ConsoleBasedInventory", "ConsoleBasedInventory\ConsoleBasedInventory.csproj", "{149FDE1D-F851-41BE-B683-A7CEF15F3B81}"
EndProject
Global
	GlobalSection(SolutionConfigurationPlatforms) = preSolution
		Debug|Any CPU = Debug|Any CPU
		Release|Any CPU = Release|Any CPU
	EndGlobalSection
	GlobalSection(ProjectConfigurationPlatforms) = postSolution
		{149FDE1D-F851-41BE-B683-A7CEF15F3B81}.Debug|Any CPU.ActiveCfg = Debug|Any CPU
		{149FDE1D-F851-41BE-B683-A7CEF15F3B81}.Debug|Any CPU.Build.0 = Debug|Any CPU
		{149FDE1D-F851-41BE-B683-A7CEF15F3B81}.Release|Any CPU.ActiveCfg = Release|Any CPU
		{149FDE1D-F851-41BE-B683-A7CEF15F3B81}.Release|Any CPU.Build.0 = Release|Any CPU
	EndGlobalSection
	GlobalSection(SolutionProperties) = preSolution
		HideSolutionNode = FALSE
	EndGlobalSection
	GlobalSection(ExtensibilityGlobals) = postSolution
		SolutionGuid = {53437E05-6287-4A51-A9B1-A6B8EF9F65B7}
	EndGlobalSection
EndGlobal
